
Microsoft Visual Studio Solution File, Format Version 12.00
# Visual Studio 15
VisualStudioVersion = 15.0.28307.168
MinimumVisualStudioVersion = 10.0.40219.1
Project("{FAE04EC0-301F-11D3-BF4B-00C04F79EFBC}") = "Core.Cache.Derived.MemoryCache", "Core.Cache.Derived.MemoryCache\Core.Cache.Derived.MemoryCache.csproj", "{2F4148CF-B9D5-4D90-9499-5138246C4C66}"
EndProject
Project("{FAE04EC0-301F-11D3-BF4B-00C04F79EFBC}") = "Core.Cache.Infrastructure", "Core.Cache.Infrastructure\Core.Cache.Infrastructure.csproj", "{0649431A-3726-4364-8672-DED719C3F517}"
EndProject
Project("{FAE04EC0-301F-11D3-BF4B-00C04F79EFBC}") = "Core.Data.Base.Dapper", "Core.Data.Base.Dapper\Core.Data.Base.Dapper.csproj", "{5AE6607C-A8D7-43A5-8358-5A729FA3A09F}"
EndProject
Project("{FAE04EC0-301F-11D3-BF4B-00C04F79EFBC}") = "Core.Data.Base.EntityFramework", "Core.Data.Base.EntityFramework\Core.Data.Base.EntityFramework.csproj", "{F5405A66-D7FD-43CE-803B-1EC24917B5BF}"
EndProject
Project("{FAE04EC0-301F-11D3-BF4B-00C04F79EFBC}") = "Core.Data.DBConnections.Infrastructure", "Core.Data.DBConnections.Infrastructure\Core.Data.DBConnections.Infrastructure.csproj", "{BB7BC0B8-53E1-4D25-AABE-C348D2B27EE1}"
EndProject
Project("{FAE04EC0-301F-11D3-BF4B-00C04F79EFBC}") = "Core.Data.Infrastructure", "Core.Data.Infrastructure\Core.Data.Infrastructure.csproj", "{08E2A500-2B0A-49BC-9088-5EAAC5966EF1}"
EndProject
Project("{FAE04EC0-301F-11D3-BF4B-00C04F79EFBC}") = "Core.Data.Model.Derived.Base", "Core.Data.Model.Base\Core.Data.Model.Derived.Base.csproj", "{82B37A37-3395-4FF9-86CB-A98E2116A78B}"
EndProject
Project("{FAE04EC0-301F-11D3-BF4B-00C04F79EFBC}") = "Core.Data.Model.Infrastructure", "Core.Data.Model.Infrastructure\Core.Data.Model.Infrastructure.csproj", "{91D76E67-137A-443A-85C4-90B9D4BA417F}"
EndProject
Project("{FAE04EC0-301F-11D3-BF4B-00C04F79EFBC}") = "Core.ExceptionHandling.Data.Derived.Business", "Core.ExceptionHandling.Data.Derived.Business\Core.ExceptionHandling.Data.Derived.Business.csproj", "{4920F09F-B781-4496-9372-4C439FA64F2B}"
EndProject
Project("{FAE04EC0-301F-11D3-BF4B-00C04F79EFBC}") = "Core.ExceptionHandling.Data.Derived.Data", "Core.ExceptionHandling.Data.Derived.Data\Core.ExceptionHandling.Data.Derived.Data.csproj", "{506402CC-D267-4B3A-A23F-1A4B43AB3C42}"
EndProject
Project("{2150E333-8FDC-42A3-9474-1A3956D46DE8}") = "Core", "Core", "{878BF0E5-E53C-4DA1-AD43-1E24E0DC765C}"
EndProject
Project("{2150E333-8FDC-42A3-9474-1A3956D46DE8}") = "Core.Cache", "Core.Cache", "{53C67CCB-015B-43B0-9DC8-4DAC36658C81}"
EndProject
Project("{2150E333-8FDC-42A3-9474-1A3956D46DE8}") = "Core.Data", "Core.Data", "{36581828-D3CA-4524-9FF3-449E0F76FBB5}"
EndProject
Project("{2150E333-8FDC-42A3-9474-1A3956D46DE8}") = "Core.ExceptionHandling", "Core.ExceptionHandling", "{ECDA93EA-386B-4065-A9BE-E4194051A923}"
EndProject
Project("{2150E333-8FDC-42A3-9474-1A3956D46DE8}") = "Core.Log", "Core.Log", "{AEF0F350-744C-4B95-B3B7-F46F48ED9CAA}"
EndProject
Project("{2150E333-8FDC-42A3-9474-1A3956D46DE8}") = "Core.Validation", "Core.Validation", "{C8E5CA70-2842-4948-8FD8-E388497CD171}"
EndProject
Project("{2150E333-8FDC-42A3-9474-1A3956D46DE8}") = "Core.Cache.Derived", "Core.Cache.Derived", "{1BBDE59E-8128-4782-8B12-CF5CEE0AF837}"
EndProject
Project("{2150E333-8FDC-42A3-9474-1A3956D46DE8}") = "Core.Data.Base", "Core.Data.Base", "{1845F0E9-B844-4388-B4B2-1B95E9B4A726}"
EndProject
Project("{2150E333-8FDC-42A3-9474-1A3956D46DE8}") = "Core.Data.Model", "Core.Data.Model", "{FA2F0DA5-84D1-471B-AE63-E6EFCB72B69A}"
EndProject
Project("{2150E333-8FDC-42A3-9474-1A3956D46DE8}") = "Core.Data.DBConnections", "Core.Data.DBConnections", "{F6F43D34-AF7F-43CE-969F-15170155C675}"
EndProject
Project("{2150E333-8FDC-42A3-9474-1A3956D46DE8}") = "Core.ExceptionHandling.Data", "Core.ExceptionHandling.Data", "{3F394D35-249F-4207-B940-34283ED9CE7E}"
EndProject
Project("{2150E333-8FDC-42A3-9474-1A3956D46DE8}") = "Core.ExceptionHandling.Data.Derived", "Core.ExceptionHandling.Data.Derived", "{0D5F3CD7-C05F-47D1-A243-5D70D3498CEE}"
EndProject
Project("{FAE04EC0-301F-11D3-BF4B-00C04F79EFBC}") = "Core.ExceptionHandling.Model", "Core.ExceptionHandling.Model\Core.ExceptionHandling.Model.csproj", "{032CE793-8458-4B5B-955B-DE263A7FAB89}"
EndProject
Project("{FAE04EC0-301F-11D3-BF4B-00C04F79EFBC}") = "Core.ExceptionHandling.Data.Derived.Validation", "Core.ExceptionHandling.Data.Derived.Validation\Core.ExceptionHandling.Data.Derived.Validation.csproj", "{2D161010-0F0C-4EF0-AC29-CF8D6B63DEA5}"
EndProject
Project("{FAE04EC0-301F-11D3-BF4B-00C04F79EFBC}") = "Core.ExceptionHandling.Data.Derived.Authentication", "Core.ExceptionHandling.Data.Derived.Authentication\Core.ExceptionHandling.Data.Derived.Authentication.csproj", "{A7A4B3BA-B8D0-4EE3-B95F-8FDCC92E5F60}"
EndProject
Project("{FAE04EC0-301F-11D3-BF4B-00C04F79EFBC}") = "Core.ExceptionHandling.Data.Infrastructure", "Core.ExceptionHandling.Infrastructure\Core.ExceptionHandling.Data.Infrastructure.csproj", "{D9ED068A-37A7-4EE5-9869-7B92702F8619}"
EndProject
Project("{2150E333-8FDC-42A3-9474-1A3956D46DE8}") = "Core.Log.Derived", "Core.Log.Derived", "{11E21D29-9CC0-4531-AF6E-D253FBCDD07D}"
EndProject
Project("{2150E333-8FDC-42A3-9474-1A3956D46DE8}") = "Core.Log.Derived.Data", "Core.Log.Derived.Data", "{E96BDA7D-421E-487A-94F7-474DAEB914ED}"
EndProject
Project("{FAE04EC0-301F-11D3-BF4B-00C04F79EFBC}") = "Core.Log.Derived.SqlDataLog", "Core.Log.Derived.SqlDataLog\Core.Log.Derived.SqlDataLog.csproj", "{EA22285E-9787-4AE1-92A1-BAAF8D992D39}"
EndProject
Project("{FAE04EC0-301F-11D3-BF4B-00C04F79EFBC}") = "Core.Log.Insfrastructure", "Core.Log.Insfrastructure\Core.Log.Insfrastructure.csproj", "{A9A53FCA-B53D-4A56-AD64-49FF1457F720}"
EndProject
Project("{2150E333-8FDC-42A3-9474-1A3956D46DE8}") = "Core.Data.Model.Derived", "Core.Data.Model.Derived", "{7DB5FCD4-0A63-4A85-8A97-400BB6FD9EB0}"
EndProject
Project("{FAE04EC0-301F-11D3-BF4B-00C04F79EFBC}") = "Core.Model", "Core.Model\Core.Model.csproj", "{F60817A1-5DF3-4E8B-8CEB-F0E813E45E7D}"
EndProject
Project("{2150E333-8FDC-42A3-9474-1A3956D46DE8}") = "Core.Validation.Model", "Core.Validation.Model", "{123CD96C-97AF-43AE-84F5-6ED16FE84792}"
EndProject
Project("{FAE04EC0-301F-11D3-BF4B-00C04F79EFBC}") = "Core.Validation.Model.Base", "Core.Validation.Model.Models\Core.Validation.Model.Base.csproj", "{43C01F17-DF5B-4CA2-9A33-7BE2902638E2}"
EndProject
Project("{FAE04EC0-301F-11D3-BF4B-00C04F79EFBC}") = "Core.Validation.Infrastructure", "Core.Validation.Infrastructure\Core.Validation.Infrastructure.csproj", "{381DD15B-40F7-4D0A-BE49-15BEBF4029B7}"
EndProject
Global
	GlobalSection(SolutionConfigurationPlatforms) = preSolution
		Debug|Any CPU = Debug|Any CPU
		Release|Any CPU = Release|Any CPU
	EndGlobalSection
	GlobalSection(ProjectConfigurationPlatforms) = postSolution
		{2F4148CF-B9D5-4D90-9499-5138246C4C66}.Debug|Any CPU.ActiveCfg = Debug|Any CPU
		{2F4148CF-B9D5-4D90-9499-5138246C4C66}.Debug|Any CPU.Build.0 = Debug|Any CPU
		{2F4148CF-B9D5-4D90-9499-5138246C4C66}.Release|Any CPU.ActiveCfg = Release|Any CPU
		{2F4148CF-B9D5-4D90-9499-5138246C4C66}.Release|Any CPU.Build.0 = Release|Any CPU
		{0649431A-3726-4364-8672-DED719C3F517}.Debug|Any CPU.ActiveCfg = Debug|Any CPU
		{0649431A-3726-4364-8672-DED719C3F517}.Debug|Any CPU.Build.0 = Debug|Any CPU
		{0649431A-3726-4364-8672-DED719C3F517}.Release|Any CPU.ActiveCfg = Release|Any CPU
		{0649431A-3726-4364-8672-DED719C3F517}.Release|Any CPU.Build.0 = Release|Any CPU
		{5AE6607C-A8D7-43A5-8358-5A729FA3A09F}.Debug|Any CPU.ActiveCfg = Debug|Any CPU
		{5AE6607C-A8D7-43A5-8358-5A729FA3A09F}.Debug|Any CPU.Build.0 = Debug|Any CPU
		{5AE6607C-A8D7-43A5-8358-5A729FA3A09F}.Release|Any CPU.ActiveCfg = Release|Any CPU
		{5AE6607C-A8D7-43A5-8358-5A729FA3A09F}.Release|Any CPU.Build.0 = Release|Any CPU
		{F5405A66-D7FD-43CE-803B-1EC24917B5BF}.Debug|Any CPU.ActiveCfg = Debug|Any CPU
		{F5405A66-D7FD-43CE-803B-1EC24917B5BF}.Debug|Any CPU.Build.0 = Debug|Any CPU
		{F5405A66-D7FD-43CE-803B-1EC24917B5BF}.Release|Any CPU.ActiveCfg = Release|Any CPU
		{F5405A66-D7FD-43CE-803B-1EC24917B5BF}.Release|Any CPU.Build.0 = Release|Any CPU
		{BB7BC0B8-53E1-4D25-AABE-C348D2B27EE1}.Debug|Any CPU.ActiveCfg = Debug|Any CPU
		{BB7BC0B8-53E1-4D25-AABE-C348D2B27EE1}.Debug|Any CPU.Build.0 = Debug|Any CPU
		{BB7BC0B8-53E1-4D25-AABE-C348D2B27EE1}.Release|Any CPU.ActiveCfg = Release|Any CPU
		{BB7BC0B8-53E1-4D25-AABE-C348D2B27EE1}.Release|Any CPU.Build.0 = Release|Any CPU
		{08E2A500-2B0A-49BC-9088-5EAAC5966EF1}.Debug|Any CPU.ActiveCfg = Debug|Any CPU
		{08E2A500-2B0A-49BC-9088-5EAAC5966EF1}.Debug|Any CPU.Build.0 = Debug|Any CPU
		{08E2A500-2B0A-49BC-9088-5EAAC5966EF1}.Release|Any CPU.ActiveCfg = Release|Any CPU
		{08E2A500-2B0A-49BC-9088-5EAAC5966EF1}.Release|Any CPU.Build.0 = Release|Any CPU
		{82B37A37-3395-4FF9-86CB-A98E2116A78B}.Debug|Any CPU.ActiveCfg = Debug|Any CPU
		{82B37A37-3395-4FF9-86CB-A98E2116A78B}.Debug|Any CPU.Build.0 = Debug|Any CPU
		{82B37A37-3395-4FF9-86CB-A98E2116A78B}.Release|Any CPU.ActiveCfg = Release|Any CPU
		{82B37A37-3395-4FF9-86CB-A98E2116A78B}.Release|Any CPU.Build.0 = Release|Any CPU
		{91D76E67-137A-443A-85C4-90B9D4BA417F}.Debug|Any CPU.ActiveCfg = Debug|Any CPU
		{91D76E67-137A-443A-85C4-90B9D4BA417F}.Debug|Any CPU.Build.0 = Debug|Any CPU
		{91D76E67-137A-443A-85C4-90B9D4BA417F}.Release|Any CPU.ActiveCfg = Release|Any CPU
		{91D76E67-137A-443A-85C4-90B9D4BA417F}.Release|Any CPU.Build.0 = Release|Any CPU
		{4920F09F-B781-4496-9372-4C439FA64F2B}.Debug|Any CPU.ActiveCfg = Debug|Any CPU
		{4920F09F-B781-4496-9372-4C439FA64F2B}.Debug|Any CPU.Build.0 = Debug|Any CPU
		{4920F09F-B781-4496-9372-4C439FA64F2B}.Release|Any CPU.ActiveCfg = Release|Any CPU
		{4920F09F-B781-4496-9372-4C439FA64F2B}.Release|Any CPU.Build.0 = Release|Any CPU
		{506402CC-D267-4B3A-A23F-1A4B43AB3C42}.Debug|Any CPU.ActiveCfg = Debug|Any CPU
		{506402CC-D267-4B3A-A23F-1A4B43AB3C42}.Debug|Any CPU.Build.0 = Debug|Any CPU
		{506402CC-D267-4B3A-A23F-1A4B43AB3C42}.Release|Any CPU.ActiveCfg = Release|Any CPU
		{506402CC-D267-4B3A-A23F-1A4B43AB3C42}.Release|Any CPU.Build.0 = Release|Any CPU
		{032CE793-8458-4B5B-955B-DE263A7FAB89}.Debug|Any CPU.ActiveCfg = Debug|Any CPU
		{032CE793-8458-4B5B-955B-DE263A7FAB89}.Debug|Any CPU.Build.0 = Debug|Any CPU
		{032CE793-8458-4B5B-955B-DE263A7FAB89}.Release|Any CPU.ActiveCfg = Release|Any CPU
		{032CE793-8458-4B5B-955B-DE263A7FAB89}.Release|Any CPU.Build.0 = Release|Any CPU
		{2D161010-0F0C-4EF0-AC29-CF8D6B63DEA5}.Debug|Any CPU.ActiveCfg = Debug|Any CPU
		{2D161010-0F0C-4EF0-AC29-CF8D6B63DEA5}.Debug|Any CPU.Build.0 = Debug|Any CPU
		{2D161010-0F0C-4EF0-AC29-CF8D6B63DEA5}.Release|Any CPU.ActiveCfg = Release|Any CPU
		{2D161010-0F0C-4EF0-AC29-CF8D6B63DEA5}.Release|Any CPU.Build.0 = Release|Any CPU
		{A7A4B3BA-B8D0-4EE3-B95F-8FDCC92E5F60}.Debug|Any CPU.ActiveCfg = Debug|Any CPU
		{A7A4B3BA-B8D0-4EE3-B95F-8FDCC92E5F60}.Debug|Any CPU.Build.0 = Debug|Any CPU
		{A7A4B3BA-B8D0-4EE3-B95F-8FDCC92E5F60}.Release|Any CPU.ActiveCfg = Release|Any CPU
		{A7A4B3BA-B8D0-4EE3-B95F-8FDCC92E5F60}.Release|Any CPU.Build.0 = Release|Any CPU
		{D9ED068A-37A7-4EE5-9869-7B92702F8619}.Debug|Any CPU.ActiveCfg = Debug|Any CPU
		{D9ED068A-37A7-4EE5-9869-7B92702F8619}.Debug|Any CPU.Build.0 = Debug|Any CPU
		{D9ED068A-37A7-4EE5-9869-7B92702F8619}.Release|Any CPU.ActiveCfg = Release|Any CPU
		{D9ED068A-37A7-4EE5-9869-7B92702F8619}.Release|Any CPU.Build.0 = Release|Any CPU
		{EA22285E-9787-4AE1-92A1-BAAF8D992D39}.Debug|Any CPU.ActiveCfg = Debug|Any CPU
		{EA22285E-9787-4AE1-92A1-BAAF8D992D39}.Debug|Any CPU.Build.0 = Debug|Any CPU
		{EA22285E-9787-4AE1-92A1-BAAF8D992D39}.Release|Any CPU.ActiveCfg = Release|Any CPU
		{EA22285E-9787-4AE1-92A1-BAAF8D992D39}.Release|Any CPU.Build.0 = Release|Any CPU
		{A9A53FCA-B53D-4A56-AD64-49FF1457F720}.Debug|Any CPU.ActiveCfg = Debug|Any CPU
		{A9A53FCA-B53D-4A56-AD64-49FF1457F720}.Debug|Any CPU.Build.0 = Debug|Any CPU
		{A9A53FCA-B53D-4A56-AD64-49FF1457F720}.Release|Any CPU.ActiveCfg = Release|Any CPU
		{A9A53FCA-B53D-4A56-AD64-49FF1457F720}.Release|Any CPU.Build.0 = Release|Any CPU
		{F60817A1-5DF3-4E8B-8CEB-F0E813E45E7D}.Debug|Any CPU.ActiveCfg = Debug|Any CPU
		{F60817A1-5DF3-4E8B-8CEB-F0E813E45E7D}.Debug|Any CPU.Build.0 = Debug|Any CPU
		{F60817A1-5DF3-4E8B-8CEB-F0E813E45E7D}.Release|Any CPU.ActiveCfg = Release|Any CPU
		{F60817A1-5DF3-4E8B-8CEB-F0E813E45E7D}.Release|Any CPU.Build.0 = Release|Any CPU
		{43C01F17-DF5B-4CA2-9A33-7BE2902638E2}.Debug|Any CPU.ActiveCfg = Debug|Any CPU
		{43C01F17-DF5B-4CA2-9A33-7BE2902638E2}.Debug|Any CPU.Build.0 = Debug|Any CPU
		{43C01F17-DF5B-4CA2-9A33-7BE2902638E2}.Release|Any CPU.ActiveCfg = Release|Any CPU
		{43C01F17-DF5B-4CA2-9A33-7BE2902638E2}.Release|Any CPU.Build.0 = Release|Any CPU
		{381DD15B-40F7-4D0A-BE49-15BEBF4029B7}.Debug|Any CPU.ActiveCfg = Debug|Any CPU
		{381DD15B-40F7-4D0A-BE49-15BEBF4029B7}.Debug|Any CPU.Build.0 = Debug|Any CPU
		{381DD15B-40F7-4D0A-BE49-15BEBF4029B7}.Release|Any CPU.ActiveCfg = Release|Any CPU
		{381DD15B-40F7-4D0A-BE49-15BEBF4029B7}.Release|Any CPU.Build.0 = Release|Any CPU
	EndGlobalSection
	GlobalSection(SolutionProperties) = preSolution
		HideSolutionNode = FALSE
	EndGlobalSection
	GlobalSection(NestedProjects) = preSolution
		{2F4148CF-B9D5-4D90-9499-5138246C4C66} = {1BBDE59E-8128-4782-8B12-CF5CEE0AF837}
		{0649431A-3726-4364-8672-DED719C3F517} = {53C67CCB-015B-43B0-9DC8-4DAC36658C81}
		{5AE6607C-A8D7-43A5-8358-5A729FA3A09F} = {1845F0E9-B844-4388-B4B2-1B95E9B4A726}
		{F5405A66-D7FD-43CE-803B-1EC24917B5BF} = {1845F0E9-B844-4388-B4B2-1B95E9B4A726}
		{BB7BC0B8-53E1-4D25-AABE-C348D2B27EE1} = {F6F43D34-AF7F-43CE-969F-15170155C675}
		{08E2A500-2B0A-49BC-9088-5EAAC5966EF1} = {36581828-D3CA-4524-9FF3-449E0F76FBB5}
		{82B37A37-3395-4FF9-86CB-A98E2116A78B} = {7DB5FCD4-0A63-4A85-8A97-400BB6FD9EB0}
		{91D76E67-137A-443A-85C4-90B9D4BA417F} = {FA2F0DA5-84D1-471B-AE63-E6EFCB72B69A}
		{4920F09F-B781-4496-9372-4C439FA64F2B} = {0D5F3CD7-C05F-47D1-A243-5D70D3498CEE}
		{506402CC-D267-4B3A-A23F-1A4B43AB3C42} = {0D5F3CD7-C05F-47D1-A243-5D70D3498CEE}
		{53C67CCB-015B-43B0-9DC8-4DAC36658C81} = {878BF0E5-E53C-4DA1-AD43-1E24E0DC765C}
		{36581828-D3CA-4524-9FF3-449E0F76FBB5} = {878BF0E5-E53C-4DA1-AD43-1E24E0DC765C}
		{ECDA93EA-386B-4065-A9BE-E4194051A923} = {878BF0E5-E53C-4DA1-AD43-1E24E0DC765C}
		{AEF0F350-744C-4B95-B3B7-F46F48ED9CAA} = {878BF0E5-E53C-4DA1-AD43-1E24E0DC765C}
		{C8E5CA70-2842-4948-8FD8-E388497CD171} = {878BF0E5-E53C-4DA1-AD43-1E24E0DC765C}
		{1BBDE59E-8128-4782-8B12-CF5CEE0AF837} = {53C67CCB-015B-43B0-9DC8-4DAC36658C81}
		{1845F0E9-B844-4388-B4B2-1B95E9B4A726} = {36581828-D3CA-4524-9FF3-449E0F76FBB5}
		{FA2F0DA5-84D1-471B-AE63-E6EFCB72B69A} = {36581828-D3CA-4524-9FF3-449E0F76FBB5}
		{F6F43D34-AF7F-43CE-969F-15170155C675} = {36581828-D3CA-4524-9FF3-449E0F76FBB5}
		{3F394D35-249F-4207-B940-34283ED9CE7E} = {ECDA93EA-386B-4065-A9BE-E4194051A923}
		{0D5F3CD7-C05F-47D1-A243-5D70D3498CEE} = {3F394D35-249F-4207-B940-34283ED9CE7E}
		{032CE793-8458-4B5B-955B-DE263A7FAB89} = {ECDA93EA-386B-4065-A9BE-E4194051A923}
		{2D161010-0F0C-4EF0-AC29-CF8D6B63DEA5} = {0D5F3CD7-C05F-47D1-A243-5D70D3498CEE}
		{A7A4B3BA-B8D0-4EE3-B95F-8FDCC92E5F60} = {0D5F3CD7-C05F-47D1-A243-5D70D3498CEE}
		{D9ED068A-37A7-4EE5-9869-7B92702F8619} = {3F394D35-249F-4207-B940-34283ED9CE7E}
		{11E21D29-9CC0-4531-AF6E-D253FBCDD07D} = {AEF0F350-744C-4B95-B3B7-F46F48ED9CAA}
		{E96BDA7D-421E-487A-94F7-474DAEB914ED} = {11E21D29-9CC0-4531-AF6E-D253FBCDD07D}
		{EA22285E-9787-4AE1-92A1-BAAF8D992D39} = {E96BDA7D-421E-487A-94F7-474DAEB914ED}
		{A9A53FCA-B53D-4A56-AD64-49FF1457F720} = {AEF0F350-744C-4B95-B3B7-F46F48ED9CAA}
		{7DB5FCD4-0A63-4A85-8A97-400BB6FD9EB0} = {FA2F0DA5-84D1-471B-AE63-E6EFCB72B69A}
		{F60817A1-5DF3-4E8B-8CEB-F0E813E45E7D} = {878BF0E5-E53C-4DA1-AD43-1E24E0DC765C}
		{123CD96C-97AF-43AE-84F5-6ED16FE84792} = {C8E5CA70-2842-4948-8FD8-E388497CD171}
		{43C01F17-DF5B-4CA2-9A33-7BE2902638E2} = {123CD96C-97AF-43AE-84F5-6ED16FE84792}
		{381DD15B-40F7-4D0A-BE49-15BEBF4029B7} = {C8E5CA70-2842-4948-8FD8-E388497CD171}
	EndGlobalSection
	GlobalSection(ExtensibilityGlobals) = postSolution
		SolutionGuid = {3C62915B-B4AA-4A3D-9BA5-966D43617052}
	EndGlobalSection
EndGlobal
